
Microsoft Visual Studio Solution File, Format Version 12.00
# Visual Studio 15
Project("{FAE04EC0-301F-11D3-BF4B-00C04F79EFBC}") = "CW.Common", "CW.Common.csproj", "{672D5D39-75BE-5F82-D234-2FE138719D7A}"
EndProject
Project("{FAE04EC0-301F-11D3-BF4B-00C04F79EFBC}") = "LeanCommon", "LeanCommon.csproj", "{C9ED1E4D-C59B-0702-21D7-29B574F2CBC3}"
EndProject
Project("{FAE04EC0-301F-11D3-BF4B-00C04F79EFBC}") = "LeanTouch", "LeanTouch.csproj", "{2019AFC8-3E58-794F-7E1B-20DE4D0B23C0}"
EndProject
Project("{FAE04EC0-301F-11D3-BF4B-00C04F79EFBC}") = "Assembly-CSharp-Editor", "Assembly-CSharp-Editor.csproj", "{BFA4BDC1-15B7-9444-8092-CA087AC8250E}"
EndProject
Global
	GlobalSection(SolutionConfigurationPlatforms) = preSolution
		Debug|Any CPU = Debug|Any CPU
		Release|Any CPU = Release|Any CPU
	EndGlobalSection
	GlobalSection(ProjectConfigurationPlatforms) = postSolution
		{672D5D39-75BE-5F82-D234-2FE138719D7A}.Debug|Any CPU.ActiveCfg = Debug|Any CPU
		{672D5D39-75BE-5F82-D234-2FE138719D7A}.Debug|Any CPU.Build.0 = Debug|Any CPU
		{672D5D39-75BE-5F82-D234-2FE138719D7A}.Release|Any CPU.ActiveCfg = Release|Any CPU
		{672D5D39-75BE-5F82-D234-2FE138719D7A}.Release|Any CPU.Build.0 = Release|Any CPU
		{C9ED1E4D-C59B-0702-21D7-29B574F2CBC3}.Debug|Any CPU.ActiveCfg = Debug|Any CPU
		{C9ED1E4D-C59B-0702-21D7-29B574F2CBC3}.Debug|Any CPU.Build.0 = Debug|Any CPU
		{C9ED1E4D-C59B-0702-21D7-29B574F2CBC3}.Release|Any CPU.ActiveCfg = Release|Any CPU
		{C9ED1E4D-C59B-0702-21D7-29B574F2CBC3}.Release|Any CPU.Build.0 = Release|Any CPU
		{2019AFC8-3E58-794F-7E1B-20DE4D0B23C0}.Debug|Any CPU.ActiveCfg = Debug|Any CPU
		{2019AFC8-3E58-794F-7E1B-20DE4D0B23C0}.Debug|Any CPU.Build.0 = Debug|Any CPU
		{2019AFC8-3E58-794F-7E1B-20DE4D0B23C0}.Release|Any CPU.ActiveCfg = Release|Any CPU
		{2019AFC8-3E58-794F-7E1B-20DE4D0B23C0}.Release|Any CPU.Build.0 = Release|Any CPU
		{BFA4BDC1-15B7-9444-8092-CA087AC8250E}.Debug|Any CPU.ActiveCfg = Debug|Any CPU
		{BFA4BDC1-15B7-9444-8092-CA087AC8250E}.Debug|Any CPU.Build.0 = Debug|Any CPU
		{BFA4BDC1-15B7-9444-8092-CA087AC8250E}.Release|Any CPU.ActiveCfg = Release|Any CPU
		{BFA4BDC1-15B7-9444-8092-CA087AC8250E}.Release|Any CPU.Build.0 = Release|Any CPU
	EndGlobalSection
	GlobalSection(SolutionProperties) = preSolution
		HideSolutionNode = FALSE
	EndGlobalSection
EndGlobal
